Microsoft Visual Studio Solution File, Format Version 12.00
# Visual Studio Version 16
VisualStudioVersion = 16.0.31019.35
MinimumVisualStudioVersion = 10.0.40219.1
Project("{FAE04EC0-301F-11D3-BF4B-00C04F79EFBC}") = "Evado.UniForm.WebClient", "Evado.UniForm.WebClient\Evado.UniForm.WebClient.csproj", "{3C8822B1-D194-449E-A155-CF9E8BD20161}"
EndProject
Project("{FAE04EC0-301F-11D3-BF4B-00C04F79EFBC}") = "evado.model", "..\Evado.Clinical\evado.model\evado.model.csproj", "{93EA9387-1172-48EC-B26E-C4D48D827976}"
EndProject
Project("{FAE04EC0-301F-11D3-BF4B-00C04F79EFBC}") = "evado.uniform.model", "..\Evado.Clinical\evado.uniform.model\evado.uniform.model.csproj", "{EB6A905C-2E28-4A70-B791-DC807165BCD7}"
EndProject
Project("{2150E333-8FDC-42A3-9474-1A3956D46DE8}") = "Solution Items", "Solution Items", "{EECC0036-3E01-4C01-9F91-F075D81F8CF8}"
EndProject
Project("{FAE04EC0-301F-11D3-BF4B-00C04F79EFBC}") = "evado.uniform.adminclient", "evado.uniform.adminclient\evado.uniform.adminclient.csproj", "{5E743B70-B38C-4E21-9740-A480F19721F4}"
EndProject
Global
	GlobalSection(SolutionConfigurationPlatforms) = preSolution
		Debug|.NET = Debug|.NET
		Debug|Any CPU = Debug|Any CPU
		Debug|Mixed Platforms = Debug|Mixed Platforms
		Debug|x86 = Debug|x86
		Release|.NET = Release|.NET
		Release|Any CPU = Release|Any CPU
		Release|Mixed Platforms = Release|Mixed Platforms
		Release|x86 = Release|x86
	EndGlobalSection
	GlobalSection(ProjectConfigurationPlatforms) = postSolution
		{3C8822B1-D194-449E-A155-CF9E8BD20161}.Debug|.NET.ActiveCfg = Debug|Any CPU
		{3C8822B1-D194-449E-A155-CF9E8BD20161}.Debug|Any CPU.ActiveCfg = Debug|Any CPU
		{3C8822B1-D194-449E-A155-CF9E8BD20161}.Debug|Any CPU.Build.0 = Debug|Any CPU
		{3C8822B1-D194-449E-A155-CF9E8BD20161}.Debug|Mixed Platforms.ActiveCfg = Debug|Any CPU
		{3C8822B1-D194-449E-A155-CF9E8BD20161}.Debug|Mixed Platforms.Build.0 = Debug|Any CPU
		{3C8822B1-D194-449E-A155-CF9E8BD20161}.Debug|x86.ActiveCfg = Debug|Any CPU
		{3C8822B1-D194-449E-A155-CF9E8BD20161}.Release|.NET.ActiveCfg = Release|Any CPU
		{3C8822B1-D194-449E-A155-CF9E8BD20161}.Release|Any CPU.ActiveCfg = Release|Any CPU
		{3C8822B1-D194-449E-A155-CF9E8BD20161}.Release|Any CPU.Build.0 = Release|Any CPU
		{3C8822B1-D194-449E-A155-CF9E8BD20161}.Release|Mixed Platforms.ActiveCfg = Release|Any CPU
		{3C8822B1-D194-449E-A155-CF9E8BD20161}.Release|Mixed Platforms.Build.0 = Release|Any CPU
		{3C8822B1-D194-449E-A155-CF9E8BD20161}.Release|x86.ActiveCfg = Release|Any CPU
		{93EA9387-1172-48EC-B26E-C4D48D827976}.Debug|.NET.ActiveCfg = Debug|Any CPU
		{93EA9387-1172-48EC-B26E-C4D48D827976}.Debug|Any CPU.ActiveCfg = Debug|Any CPU
		{93EA9387-1172-48EC-B26E-C4D48D827976}.Debug|Any CPU.Build.0 = Debug|Any CPU
		{93EA9387-1172-48EC-B26E-C4D48D827976}.Debug|Mixed Platforms.ActiveCfg = Debug|Any CPU
		{93EA9387-1172-48EC-B26E-C4D48D827976}.Debug|Mixed Platforms.Build.0 = Debug|Any CPU
		{93EA9387-1172-48EC-B26E-C4D48D827976}.Debug|x86.ActiveCfg = Debug|Any CPU
		{93EA9387-1172-48EC-B26E-C4D48D827976}.Release|.NET.ActiveCfg = Release|Any CPU
		{93EA9387-1172-48EC-B26E-C4D48D827976}.Release|Any CPU.ActiveCfg = Release|Any CPU
		{93EA9387-1172-48EC-B26E-C4D48D827976}.Release|Any CPU.Build.0 = Release|Any CPU
		{93EA9387-1172-48EC-B26E-C4D48D827976}.Release|Mixed Platforms.ActiveCfg = Release|Any CPU
		{93EA9387-1172-48EC-B26E-C4D48D827976}.Release|Mixed Platforms.Build.0 = Release|Any CPU
		{93EA9387-1172-48EC-B26E-C4D48D827976}.Release|x86.ActiveCfg = Release|Any CPU
		{EB6A905C-2E28-4A70-B791-DC807165BCD7}.Debug|.NET.ActiveCfg = Debug|Any CPU
		{EB6A905C-2E28-4A70-B791-DC807165BCD7}.Debug|Any CPU.ActiveCfg = Debug|Any CPU
		{EB6A905C-2E28-4A70-B791-DC807165BCD7}.Debug|Any CPU.Build.0 = Debug|Any CPU
		{EB6A905C-2E28-4A70-B791-DC807165BCD7}.Debug|Mixed Platforms.ActiveCfg = Debug|Any CPU
		{EB6A905C-2E28-4A70-B791-DC807165BCD7}.Debug|Mixed Platforms.Build.0 = Debug|Any CPU
		{EB6A905C-2E28-4A70-B791-DC807165BCD7}.Debug|x86.ActiveCfg = Debug|Any CPU
		{EB6A905C-2E28-4A70-B791-DC807165BCD7}.Release|.NET.ActiveCfg = Release|Any CPU
		{EB6A905C-2E28-4A70-B791-DC807165BCD7}.Release|Any CPU.ActiveCfg = Release|Any CPU
		{EB6A905C-2E28-4A70-B791-DC807165BCD7}.Release|Any CPU.Build.0 = Release|Any CPU
		{EB6A905C-2E28-4A70-B791-DC807165BCD7}.Release|Mixed Platforms.ActiveCfg = Release|Any CPU
		{EB6A905C-2E28-4A70-B791-DC807165BCD7}.Release|Mixed Platforms.Build.0 = Release|Any CPU
		{EB6A905C-2E28-4A70-B791-DC807165BCD7}.Release|x86.ActiveCfg = Release|Any CPU
		{5E743B70-B38C-4E21-9740-A480F19721F4}.Debug|.NET.ActiveCfg = Debug|Any CPU
		{5E743B70-B38C-4E21-9740-A480F19721F4}.Debug|.NET.Build.0 = Debug|Any CPU
		{5E743B70-B38C-4E21-9740-A480F19721F4}.Debug|Any CPU.ActiveCfg = Debug|Any CPU
		{5E743B70-B38C-4E21-9740-A480F19721F4}.Debug|Any CPU.Build.0 = Debug|Any CPU
		{5E743B70-B38C-4E21-9740-A480F19721F4}.Debug|Mixed Platforms.ActiveCfg = Debug|Any CPU
		{5E743B70-B38C-4E21-9740-A480F19721F4}.Debug|Mixed Platforms.Build.0 = Debug|Any CPU
		{5E743B70-B38C-4E21-9740-A480F19721F4}.Debug|x86.ActiveCfg = Debug|Any CPU
		{5E743B70-B38C-4E21-9740-A480F19721F4}.Debug|x86.Build.0 = Debug|Any CPU
		{5E743B70-B38C-4E21-9740-A480F19721F4}.Release|.NET.ActiveCfg = Release|Any CPU
		{5E743B70-B38C-4E21-9740-A480F19721F4}.Release|.NET.Build.0 = Release|Any CPU
		{5E743B70-B38C-4E21-9740-A480F19721F4}.Release|Any CPU.ActiveCfg = Release|Any CPU
		{5E743B70-B38C-4E21-9740-A480F19721F4}.Release|Any CPU.Build.0 = Release|Any CPU
		{5E743B70-B38C-4E21-9740-A480F19721F4}.Release|Mixed Platforms.ActiveCfg = Release|Any CPU
		{5E743B70-B38C-4E21-9740-A480F19721F4}.Release|Mixed Platforms.Build.0 = Release|Any CPU
		{5E743B70-B38C-4E21-9740-A480F19721F4}.Release|x86.ActiveCfg = Release|Any CPU
		{5E743B70-B38C-4E21-9740-A480F19721F4}.Release|x86.Build.0 = Release|Any CPU
	EndGlobalSection
	GlobalSection(SolutionProperties) = preSolution
		HideSolutionNode = FALSE
	EndGlobalSection
	GlobalSection(ExtensibilityGlobals) = postSolution
		SolutionGuid = {D6FD1B60-F08C-4E80-A0FB-AF6DC011031B}
	EndGlobalSection
EndGlobal
