Microsoft Visual Studio Solution File, Format Version 11.00
# Visual Studio 2010
Project("{FAE04EC0-301F-11D3-BF4B-00C04F79EFBC}") = "Evado.UniForm.WebClient", "Evado.UniForm.WebClient\Evado.UniForm.WebClient.csproj", "{3C8822B1-D194-449E-A155-CF9E8BD20161}"
EndProject
Project("{FAE04EC0-301F-11D3-BF4B-00C04F79EFBC}") = "evado.model", "..\Evado.Digital\evado.model\evado.model.csproj", "{93EA9387-1172-48EC-B26E-C4D48D827976}"
EndProject
Project("{FAE04EC0-301F-11D3-BF4B-00C04F79EFBC}") = "Evado.UniForm.Model", "..\Evado.Digital\evado.model.uniform\Evado.UniForm.Model.csproj", "{EB6A905C-2E28-4A70-B791-DC807165BCD7}"
EndProject
Global
	GlobalSection(SolutionConfigurationPlatforms) = preSolution
		Debug|.NET = Debug|.NET
		Debug|Any CPU = Debug|Any CPU
		Debug|Mixed Platforms = Debug|Mixed Platforms
		Debug|x86 = Debug|x86
		Release|.NET = Release|.NET
		Release|Any CPU = Release|Any CPU
		Release|Mixed Platforms = Release|Mixed Platforms
		Release|x86 = Release|x86
	EndGlobalSection
	GlobalSection(ProjectConfigurationPlatforms) = postSolution
		{3C8822B1-D194-449E-A155-CF9E8BD20161}.Debug|.NET.ActiveCfg = Debug|Any CPU
		{3C8822B1-D194-449E-A155-CF9E8BD20161}.Debug|Any CPU.ActiveCfg = Debug|Any CPU
		{3C8822B1-D194-449E-A155-CF9E8BD20161}.Debug|Any CPU.Build.0 = Debug|Any CPU
		{3C8822B1-D194-449E-A155-CF9E8BD20161}.Debug|Mixed Platforms.ActiveCfg = Debug|Any CPU
		{3C8822B1-D194-449E-A155-CF9E8BD20161}.Debug|Mixed Platforms.Build.0 = Debug|Any CPU
		{3C8822B1-D194-449E-A155-CF9E8BD20161}.Debug|x86.ActiveCfg = Debug|Any CPU
		{3C8822B1-D194-449E-A155-CF9E8BD20161}.Release|.NET.ActiveCfg = Release|Any CPU
		{3C8822B1-D194-449E-A155-CF9E8BD20161}.Release|Any CPU.ActiveCfg = Release|Any CPU
		{3C8822B1-D194-449E-A155-CF9E8BD20161}.Release|Any CPU.Build.0 = Release|Any CPU
		{3C8822B1-D194-449E-A155-CF9E8BD20161}.Release|Mixed Platforms.ActiveCfg = Release|Any CPU
		{3C8822B1-D194-449E-A155-CF9E8BD20161}.Release|Mixed Platforms.Build.0 = Release|Any CPU
		{3C8822B1-D194-449E-A155-CF9E8BD20161}.Release|x86.ActiveCfg = Release|Any CPU
		{93EA9387-1172-48EC-B26E-C4D48D827976}.Debug|.NET.ActiveCfg = Debug|Any CPU
		{93EA9387-1172-48EC-B26E-C4D48D827976}.Debug|Any CPU.ActiveCfg = Debug|Any CPU
		{93EA9387-1172-48EC-B26E-C4D48D827976}.Debug|Any CPU.Build.0 = Debug|Any CPU
		{93EA9387-1172-48EC-B26E-C4D48D827976}.Debug|Mixed Platforms.ActiveCfg = Debug|Any CPU
		{93EA9387-1172-48EC-B26E-C4D48D827976}.Debug|Mixed Platforms.Build.0 = Debug|Any CPU
		{93EA9387-1172-48EC-B26E-C4D48D827976}.Debug|x86.ActiveCfg = Debug|Any CPU
		{93EA9387-1172-48EC-B26E-C4D48D827976}.Release|.NET.ActiveCfg = Release|Any CPU
		{93EA9387-1172-48EC-B26E-C4D48D827976}.Release|Any CPU.ActiveCfg = Release|Any CPU
		{93EA9387-1172-48EC-B26E-C4D48D827976}.Release|Any CPU.Build.0 = Release|Any CPU
		{93EA9387-1172-48EC-B26E-C4D48D827976}.Release|Mixed Platforms.ActiveCfg = Release|Any CPU
		{93EA9387-1172-48EC-B26E-C4D48D827976}.Release|Mixed Platforms.Build.0 = Release|Any CPU
		{93EA9387-1172-48EC-B26E-C4D48D827976}.Release|x86.ActiveCfg = Release|Any CPU
		{EB6A905C-2E28-4A70-B791-DC807165BCD7}.Debug|.NET.ActiveCfg = Debug|Any CPU
		{EB6A905C-2E28-4A70-B791-DC807165BCD7}.Debug|Any CPU.ActiveCfg = Debug|Any CPU
		{EB6A905C-2E28-4A70-B791-DC807165BCD7}.Debug|Any CPU.Build.0 = Debug|Any CPU
		{EB6A905C-2E28-4A70-B791-DC807165BCD7}.Debug|Mixed Platforms.ActiveCfg = Debug|Any CPU
		{EB6A905C-2E28-4A70-B791-DC807165BCD7}.Debug|Mixed Platforms.Build.0 = Debug|Any CPU
		{EB6A905C-2E28-4A70-B791-DC807165BCD7}.Debug|x86.ActiveCfg = Debug|Any CPU
		{EB6A905C-2E28-4A70-B791-DC807165BCD7}.Release|.NET.ActiveCfg = Release|Any CPU
		{EB6A905C-2E28-4A70-B791-DC807165BCD7}.Release|Any CPU.ActiveCfg = Release|Any CPU
		{EB6A905C-2E28-4A70-B791-DC807165BCD7}.Release|Any CPU.Build.0 = Release|Any CPU
		{EB6A905C-2E28-4A70-B791-DC807165BCD7}.Release|Mixed Platforms.ActiveCfg = Release|Any CPU
		{EB6A905C-2E28-4A70-B791-DC807165BCD7}.Release|Mixed Platforms.Build.0 = Release|Any CPU
		{EB6A905C-2E28-4A70-B791-DC807165BCD7}.Release|x86.ActiveCfg = Release|Any CPU
	EndGlobalSection
	GlobalSection(SolutionProperties) = preSolution
		HideSolutionNode = FALSE
	EndGlobalSection
EndGlobal
